
Microsoft Visual Studio Solution File, Format Version 12.00
# Visual Studio Version 17
VisualStudioVersion = 17.0.32002.185
MinimumVisualStudioVersion = 10.0.40219.1
Project("{FAE04EC0-301F-11D3-BF4B-00C04F79EFBC}") = "WpfApp1", "WpfApp1\WpfApp1.csproj", "{9268E333-155C-4439-AC22-489CAF72EA04}"
EndProject
Global
	GlobalSection(SolutionConfigurationPlatforms) = preSolution
		Debug|Any CPU = Debug|Any CPU
		Release|Any CPU = Release|Any CPU
	EndGlobalSection
	GlobalSection(ProjectConfigurationPlatforms) = postSolution
		{9268E333-155C-4439-AC22-489CAF72EA04}.Debug|Any CPU.ActiveCfg = Debug|Any CPU
		{9268E333-155C-4439-AC22-489CAF72EA04}.Debug|Any CPU.Build.0 = Debug|Any CPU
		{9268E333-155C-4439-AC22-489CAF72EA04}.Release|Any CPU.ActiveCfg = Release|Any CPU
		{9268E333-155C-4439-AC22-489CAF72EA04}.Release|Any CPU.Build.0 = Release|Any CPU
	EndGlobalSection
	GlobalSection(SolutionProperties) = preSolution
		HideSolutionNode = FALSE
	EndGlobalSection
	GlobalSection(ExtensibilityGlobals) = postSolution
		SolutionGuid = {291132BC-10EA-4490-8569-DBFD12A99B4E}
	EndGlobalSection
EndGlobal
